# This file is automatically @generated by Poetry 1.5.1 and should not be changed by hand.

[[package]]
name = "colorama"
version = "0.4.6"
description = "Cross-platform colored terminal text."
optional = false
python-versions = "!=3.0.*,!=3.1.*,!=3.2.*,!=3.3.*,!=3.4.*,!=3.5.*,!=3.6.*,>=2.7"
files = [
    {file = "colorama-0.4.6-py2.py3-none-any.whl", hash = "sha256:4f1d9991f5acc0ca119f9d443620b77f9d6b33703e51011c16baf57afb285fc6"},
    {file = "colorama-0.4.6.tar.gz", hash = "sha256:08695f5cb7ed6e0531a20572697297273c47b8cae5a63ffc6d6ed5c201be6e44"},
]

[[package]]
name = "jellyfish"
version = "1.0.0"
description = "Approximate and phonetic matching of strings."
optional = false
python-versions = ">=3.7"
files = [
    {file = "jellyfish-1.0.0-cp310-cp310-macosx_10_7_x86_64.whl", hash = "sha256:26f8fbcc112e6f61c03446860e649b2341acfdda80d1fd53dd67887a409b6785"},
    {file = "jellyfish-1.0.0-cp310-cp310-macosx_11_0_arm64.whl", hash = "sha256:f9b48db1fba511726e95f19de29a1345c2a0762d880f9723ab0a0de847fcfcfc"},
    {file = "jellyfish-1.0.0-cp310-cp310-manylinux_2_17_aarch64.manylinux2014_aarch64.whl", hash = "sha256:23b68747fda53fb27b4948caa6a32754ce7d3c5d22e9b3aeae25cae138830cd7"},
    {file = "jellyfish-1.0.0-cp310-cp310-manylinux_2_17_x86_64.manylinux2014_x86_64.whl", hash = "sha256:822f0e7d98e8a1bbf2ec2735d9ab5a9f74cd33248953f5fac692d93230256a4f"},
    {file = "jellyfish-1.0.0-cp310-cp310-musllinux_1_1_i686.whl", hash = "sha256:1f902e2d4298f951a3185fea13b0f4dd44ed8ce9902ae3c1ea8d30e5e5194ebd"},
    {file = "jellyfish-1.0.0-cp310-cp310-musllinux_1_1_x86_64.whl", hash = "sha256:826860f21a1dfe92856f7b9a1df03005ef5a6cc96a34a5e33e723ba45fb53548"},
    {file = "jellyfish-1.0.0-cp310-none-win32.whl", hash = "sha256:54cb4e11378e48ca481e9713a8a71a7e7ead9a035927b854f102d01c84c6b2e6"},
    {file = "jellyfish-1.0.0-cp310-none-win_amd64.whl", hash = "sha256:201ef2a4274971ce056c8dff48700c88c00bc61b55af0b1f12d2bac34c7522f4"},
    {file = "jellyfish-1.0.0-cp311-cp311-macosx_10_7_x86_64.whl", hash = "sha256:a2a678cdc805e6e19bc150921d162ca4a87b6ab29d9dcb5edff8973fcde60706"},
    {file = "jellyfish-1.0.0-cp311-cp311-macosx_11_0_arm64.whl", hash = "sha256:b01306cbe0196469be9a6b9f0c9b0d6de672c56f2955b52850f8fa9a08d22d71"},
    {file = "jellyfish-1.0.0-cp311-cp311-manylinux_2_17_aarch64.manylinux2014_aarch64.whl", hash = "sha256:9e56bccafdb3e3710f85d25c052e8f20ef92f4bab2d79358df90dfaf8561a728"},
    {file = "jellyfish-1.0.0-cp311-cp311-manylinux_2_17_x86_64.manylinux2014_x86_64.whl", hash = "sha256:9caae1ab4bb1878277330f88cb414685fec21fe90bc44f55fb651b8227908ffb"},
    {file = "jellyfish-1.0.0-cp311-cp311-musllinux_1_1_i686.whl", hash = "sha256:5d87d1c8c5500b862ac885ae85c5bed9e0d5a8aadfc9ff600a41dffd9dd86f39"},
    {file = "jellyfish-1.0.0-cp311-cp311-musllinux_1_1_x86_64.whl", hash = "sha256:f6e85c00dece851f6daff9f093bec589fb74e5964077bbc5bd14bd1574c3c00c"},
    {file = "jellyfish-1.0.0-cp311-none-win32.whl", hash = "sha256:44a7275d6d03835cb9a55269da453eba1e2ad9b9ece783d29b51ec5152b3ac42"},
    {file = "jellyfish-1.0.0-cp311-none-win_amd64.whl", hash = "sha256:8855645f4ae85e1b3a4279623c53c1ad1d9c2b40db904e0d1102233d8cbc7617"},
    {file = "jellyfish-1.0.0-cp312-cp312-manylinux_2_17_aarch64.manylinux2014_aarch64.whl", hash = "sha256:d48c9fc29ae401250386a1d0b45596288b8e958a8944cb4b2e9515debd14fa7c"},
    {file = "jellyfish-1.0.0-cp312-cp312-manylinux_2_17_x86_64.manylinux2014_x86_64.whl", hash = "sha256:28af35fdd0b37af0240560e6a061aa25fcedc7b4600dd718acd4f4b41825b7f2"},
    {file = "jellyfish-1.0.0-cp37-cp37m-macosx_10_7_x86_64.whl", hash = "sha256:e593eb939cd99765a6e2e04c69909c0825badfd3f9a78e9129047f91e3fd00ce"},
    {file = "jellyfish-1.0.0-cp37-cp37m-macosx_11_0_arm64.whl", hash = "sha256:b6f0b5c8681e99b61b47964fdf280073f1b41003cd36cd05964e07931fd04607"},
    {file = "jellyfish-1.0.0-cp37-cp37m-manylinux_2_17_aarch64.manylinux2014_aarch64.whl", hash = "sha256:f875ba01de9bc81181733301f4589462c087e6b28734ff5f2306e2a4c54515d3"},
    {file = "jellyfish-1.0.0-cp37-cp37m-manylinux_2_17_x86_64.manylinux2014_x86_64.whl", hash = "sha256:d7ddf60f4dcf0d45ef125ca4ddf41551ceb7f7acd6a60896d04b814902749e86"},
    {file = "jellyfish-1.0.0-cp37-cp37m-musllinux_1_1_i686.whl", hash = "sha256:48c1a4a1de3b2d9a51e15ede7fc1b719cd736235d9a3e7a1a8d24daae5d73e4d"},
    {file = "jellyfish-1.0.0-cp37-cp37m-musllinux_1_1_x86_64.whl", hash = "sha256:a657869f0a73195517405cc9cbd97dd6c01a0ce0a64f99a1e6983f0dbe14ed34"},
    {file = "jellyfish-1.0.0-cp37-none-win32.whl", hash = "sha256:6c97bc0c24d745667c411ca6204cb4fbbb4280679b85747c5214544387a9caa6"},
    {file = "jellyfish-1.0.0-cp37-none-win_amd64.whl", hash = "sha256:775f624a1cfdc2bc5e78f15c13dc37e21aee106128e68428906a39c3db8fb2b4"},
    {file = "jellyfish-1.0.0-cp38-cp38-macosx_10_7_x86_64.whl", hash = "sha256:00047f10081bb16682893817b767a52844926dec516a89dcdfb7f958d3e91cf6"},
    {file = "jellyfish-1.0.0-cp38-cp38-macosx_11_0_arm64.whl", hash = "sha256:536953db6900bc0f192bb2bede11e6b46c011dfcd0c6bec52768fe6e8861e3be"},
    {file = "jellyfish-1.0.0-cp38-cp38-manylinux_2_17_aarch64.manylinux2014_aarch64.whl", hash = "sha256:80ae9f7d7f3bfffd45171590642bba5a80d917db84129d99fa2d9fbfb3ff1b4e"},
    {file = "jellyfish-1.0.0-cp38-cp38-manylinux_2_17_x86_64.manylinux2014_x86_64.whl", hash = "sha256:3d8b47d4e5876e7f2baed994e772b6cd88d8e7db4216daca6a7a9bc3764a36c0"},
    {file = "jellyfish-1.0.0-cp38-cp38-musllinux_1_1_i686.whl", hash = "sha256:0f90504a64e393d7f6409a88d2f7c84cf13e5e58a96365b09d9d6712d95545cd"},
    {file = "jellyfish-1.0.0-cp38-cp38-musllinux_1_1_x86_64.whl", hash = "sha256:b0da4c4c3e9a170d6b410ce404ab6021150914ec603bd50359b311738c45a8e0"},
    {file = "jellyfish-1.0.0-cp38-none-win32.whl", hash = "sha256:bb7e6ba7fde138aeb74da92da515674884a7405df847d187c81a7bb722747a3d"},
    {file = "jellyfish-1.0.0-cp38-none-win_amd64.whl", hash = "sha256:ee1b55bd898a5e777da1f0b9809f43a0443a8dcb9bf86a85a76fe24aee91bb7e"},
    {file = "jellyfish-1.0.0-cp39-cp39-macosx_10_7_x86_64.whl", hash = "sha256:383c4a5e961d87c349f7e60824b2c777d4437c73afbd369688dee26f59ef1c13"},
    {file = "jellyfish-1.0.0-cp39-cp39-macosx_11_0_arm64.whl", hash = "sha256:088845e6e3c1ade37783d88b8f6936ee1f6750e50bfb9c6d372ff26cd39083d2"},
    {file = "jellyfish-1.0.0-cp39-cp39-manylinux_2_17_aarch64.manylinux2014_aarch64.whl", hash = "sha256:cff17fb418699405eb72599d28f11d4b76d54941f56395353bc83a379e6082cf"},
    {file = "jellyfish-1.0.0-cp39-cp39-manylinux_2_17_x86_64.manylinux2014_x86_64.whl", hash = "sha256:fee1e31df9a1406533766cab4d5027bef05d863c03202bef8558144997a020a4"},
    {file = "jellyfish-1.0.0-cp39-cp39-musllinux_1_1_i686.whl", hash = "sha256:fecec758a5a0ce956d6f9aa55c0d8568fe14a8ff589baba2162d3b5d2856ff9e"},
    {file = "jellyfish-1.0.0-cp39-cp39-musllinux_1_1_x86_64.whl", hash = "sha256:2edbd782e93a3f5d36d1c835ca3a5a98c14faa0d349888827f87ce57d33a3808"},
    {file = "jellyfish-1.0.0-cp39-none-win32.whl", hash = "sha256:36ea675a448f155aa57cc2d54a7f188c509771068db883df359e9fe4f0024b7b"},
    {file = "jellyfish-1.0.0-cp39-none-win_amd64.whl", hash = "sha256:9da47c62e32a2ea0b16199e952ddb9ff15cbcce17fc5385d78c6a599ba2b9134"},
    {file = "jellyfish-1.0.0-pp37-pypy37_pp73-manylinux_2_17_aarch64.manylinux2014_aarch64.whl", hash = "sha256:9d1f7c72bfb2df2b48f0bde483fc4b57e55d6cfb604d03472cebb060269df0b9"},
    {file = "jellyfish-1.0.0-pp37-pypy37_pp73-manylinux_2_17_x86_64.manylinux2014_x86_64.whl", hash = "sha256:0562c102a2994c0ced8fe684340d82cfd8f4247ee32b9e46a53221b027c4ef51"},
    {file = "jellyfish-1.0.0-pp38-pypy38_pp73-macosx_10_7_x86_64.whl", hash = "sha256:e09cde1c54a904c9d8eb30cd82a1722d076c89b1e91ab452b4b552e0185eb655"},
    {file = "jellyfish-1.0.0-pp38-pypy38_pp73-macosx_11_0_arm64.whl", hash = "sha256:c044bc2338a9040f5996a8583596bb10850dfe03156c93b797605407f26510f8"},
    {file = "jellyfish-1.0.0-pp38-pypy38_pp73-manylinux_2_17_aarch64.manylinux2014_aarch64.whl", hash = "sha256:1c531cdfdfd40734c296c6c2d0dc346d9bd6e276decea76ac3409fe7adca133d"},
    {file = "jellyfish-1.0.0-pp38-pypy38_pp73-manylinux_2_17_x86_64.manylinux2014_x86_64.whl", hash = "sha256:a73abd3da659eb227afc10d1c5801c72368cf2553219424afe317f376bec0256"},
    {file = "jellyfish-1.0.0-pp38-pypy38_pp73-musllinux_1_1_i686.whl", hash = "sha256:89440574d5256f97d7b4e05547f4354c698f7f79b15b5233a95c67c14bfb7cb8"},
    {file = "jellyfish-1.0.0-pp38-pypy38_pp73-musllinux_1_1_x86_64.whl", hash = "sha256:0235508b78920ce1b8c1c433c87b807e6b576442e1c53d7fea72451ff3c02d2f"},
    {file = "jellyfish-1.0.0-pp39-pypy39_pp73-macosx_10_7_x86_64.whl", hash = "sha256:be3da1f33dd1c844a7ef05ec7b5880b1e17fea6563ccfae50bf0e02cbdce4265"},
    {file = "jellyfish-1.0.0-pp39-pypy39_pp73-macosx_11_0_arm64.whl", hash = "sha256:d29c41fb5108af0b48ae8c603af9798011e25f809b45e647f9a268deb7ead533"},
    {file = "jellyfish-1.0.0-pp39-pypy39_pp73-manylinux_2_17_aarch64.manylinux2014_aarch64.whl", hash = "sha256:b4d9058441bb52c783179d2a636739c0b4ab007f3c064f8095fd451d1f814d2b"},
    {file = "jellyfish-1.0.0-pp39-pypy39_pp73-manylinux_2_17_x86_64.manylinux2014_x86_64.whl", hash = "sha256:98f9320118a3be1c3d9312fbf9e943672f524c5aa1abeda8334d835bd9ad6d2e"},
    {file = "jellyfish-1.0.0-pp39-pypy39_pp73-musllinux_1_1_i686.whl", hash = "sha256:aa6b05cfaeb22643db0c7b38d97b9b854504d2fad3358761fb99b5ef84e0384d"},
    {file = "jellyfish-1.0.0-pp39-pypy39_pp73-musllinux_1_1_x86_64.whl", hash = "sha256:969359187749fa7b2cefdc8bdc18b48525fd676fc1632c453bd7ca1e41810066"},
    {file = "jellyfish-1.0.0.tar.gz", hash = "sha256:881aae3671999bb07ce50c27696f29ca7e842f3e123acc0db6525c9999881bd4"},
]

[[package]]
name = "tqdm"
version = "4.65.0"
description = "Fast, Extensible Progress Meter"
optional = false
python-versions = ">=3.7"
files = [
    {file = "tqdm-4.65.0-py3-none-any.whl", hash = "sha256:c4f53a17fe37e132815abceec022631be8ffe1b9381c2e6e30aa70edc99e9671"},
    {file = "tqdm-4.65.0.tar.gz", hash = "sha256:1871fb68a86b8fb3b59ca4cdd3dcccbc7e6d613eeed31f4c332531977b89beb5"},
]

[package.dependencies]
colorama = {version = "*", markers = "platform_system == \"Windows\""}

[package.extras]
dev = ["py-make (>=0.1.0)", "twine", "wheel"]
notebook = ["ipywidgets (>=6)"]
slack = ["slack-sdk"]
telegram = ["requests"]

[metadata]
lock-version = "2.0"
python-versions = "^3.9"
content-hash = "4e466c861d58f622a16944c852cb8aae8de6805bedf67170ec4e7736c925032a"
